
Microsoft Visual Studio Solution File, Format Version 12.00
# Visual Studio Version 16
VisualStudioVersion = 16.0.32106.194
MinimumVisualStudioVersion = 10.0.40219.1
Project("{FAE04EC0-301F-11D3-BF4B-00C04F79EFBC}") = "FizzBuzzKata", "FizzBuzzKata.csproj", "{4774FFE3-30BD-4E5A-86EB-2C3C655CE50D}"
EndProject
Project("{FAE04EC0-301F-11D3-BF4B-00C04F79EFBC}") = "FizzBuzzTest", "..\FizzBuzzTest\FizzBuzzTest.csproj", "{630DD93F-7A07-4F7E-AF82-BB93A027B089}"
EndProject
Global
	GlobalSection(SolutionConfigurationPlatforms) = preSolution
		Debug|Any CPU = Debug|Any CPU
		Release|Any CPU = Release|Any CPU
	EndGlobalSection
	GlobalSection(ProjectConfigurationPlatforms) = postSolution
		{4774FFE3-30BD-4E5A-86EB-2C3C655CE50D}.Debug|Any CPU.ActiveCfg = Debug|Any CPU
		{4774FFE3-30BD-4E5A-86EB-2C3C655CE50D}.Debug|Any CPU.Build.0 = Debug|Any CPU
		{4774FFE3-30BD-4E5A-86EB-2C3C655CE50D}.Release|Any CPU.ActiveCfg = Release|Any CPU
		{4774FFE3-30BD-4E5A-86EB-2C3C655CE50D}.Release|Any CPU.Build.0 = Release|Any CPU
		{630DD93F-7A07-4F7E-AF82-BB93A027B089}.Debug|Any CPU.ActiveCfg = Debug|Any CPU
		{630DD93F-7A07-4F7E-AF82-BB93A027B089}.Debug|Any CPU.Build.0 = Debug|Any CPU
		{630DD93F-7A07-4F7E-AF82-BB93A027B089}.Release|Any CPU.ActiveCfg = Release|Any CPU
		{630DD93F-7A07-4F7E-AF82-BB93A027B089}.Release|Any CPU.Build.0 = Release|Any CPU
	EndGlobalSection
	GlobalSection(SolutionProperties) = preSolution
		HideSolutionNode = FALSE
	EndGlobalSection
	GlobalSection(ExtensibilityGlobals) = postSolution
		SolutionGuid = {8916A39F-7AB8-4CCC-9471-F004A23569B6}
	EndGlobalSection
EndGlobal
